<?xml version="1.0" encoding="utf-8"?>
<Project ToolsVersion="4.0" xmlns="http://schemas.microsoft.com/developer/msbuild/2003">
  <ItemGroup>
    <Filter Include="源文件">
      <UniqueIdentifier>{4FC737F1-C7A5-4376-A066-2A32D752A2FF}</UniqueIdentifier>
      <Extensions>cpp;c;cc;cxx;def;odl;idl;hpj;bat;asm;asmx</Extensions>
    </Filter>
    <Filter Include="头文件">
      <UniqueIdentifier>{93995380-89BD-4b04-88EB-625FBE52EBFB}</UniqueIdentifier>
      <Extensions>h;hh;hpp;hxx;hm;inl;inc;ipp;xsd</Extensions>
    </Filter>
    <Filter Include="资源文件">
      <UniqueIdentifier>{67DA6AB6-F800-4c08-8B7A-83BB121AAD01}</UniqueIdentifier>
      <Extensions>rc;ico;cur;bmp;dlg;rc2;rct;bin;rgs;gif;jpg;jpeg;jpe;resx;tiff;tif;png;wav;mfcribbon-ms</Extensions>
    </Filter>
  </ItemGroup>
  <ItemGroup>
    <ClCompile Include="Engine\Utils\Logging.cpp">
      <Filter>源文件</Filter>
    </ClCompile>
    <ClCompile Include="Engine\Math\Field2.cpp">
      <Filter>源文件</Filter>
    </ClCompile>
    <ClCompile Include="Engine\Math\Field3.cpp">
      <Filter>源文件</Filter>
    </ClCompile>
    <ClCompile Include="Engine\Math\ScalarField2.cpp">
      <Filter>源文件</Filter>
    </ClCompile>
    <ClCompile Include="Engine\Math\ScalarField3.cpp">
      <Filter>源文件</Filter>
    </ClCompile>
    <ClCompile Include="Engine\Math\VectorField2.cpp">
      <Filter>源文件</Filter>
    </ClCompile>
    <ClCompile Include="Engine\Math\VectorField3.cpp">
      <Filter>源文件</Filter>
    </ClCompile>
    <ClCompile Include="Engine\Geometry\Surface2.cpp">
      <Filter>源文件</Filter>
    </ClCompile>
    <ClCompile Include="Engine\Geometry\Surface3.cpp">
      <Filter>源文件</Filter>
    </ClCompile>
    <ClCompile Include="Engine\Geometry\Sphere2.cpp">
      <Filter>源文件</Filter>
    </ClCompile>
    <ClCompile Include="Engine\Geometry\Sphere3.cpp">
      <Filter>源文件</Filter>
    </ClCompile>
    <ClCompile Include="Engine\Geometry\Triangle3.cpp">
      <Filter>源文件</Filter>
    </ClCompile>
    <ClCompile Include="Engine\Geometry\TriangleMesh3.cpp">
      <Filter>源文件</Filter>
    </ClCompile>
    <ClCompile Include="Engine\Geometry\Box2.cpp">
      <Filter>源文件</Filter>
    </ClCompile>
    <ClCompile Include="Engine\Geometry\Box3.cpp">
      <Filter>源文件</Filter>
    </ClCompile>
    <ClCompile Include="Engine\Geometry\Plane2.cpp">
      <Filter>源文件</Filter>
    </ClCompile>
    <ClCompile Include="Engine\Geometry\Plane3.cpp">
      <Filter>源文件</Filter>
    </ClCompile>
    <ClCompile Include="Engine\Geometry\ImplicitSurface2.cpp">
      <Filter>源文件</Filter>
    </ClCompile>
    <ClCompile Include="Engine\Geometry\ImplicitSurface3.cpp">
      <Filter>源文件</Filter>
    </ClCompile>
    <ClCompile Include="Engine\Geometry\SurfaceSet2.cpp">
      <Filter>源文件</Filter>
    </ClCompile>
    <ClCompile Include="Engine\Geometry\SurfaceSet3.cpp">
      <Filter>源文件</Filter>
    </ClCompile>
    <ClCompile Include="Engine\Geometry\ImplicitSurfaceSet2.cpp">
      <Filter>源文件</Filter>
    </ClCompile>
    <ClCompile Include="Engine\Geometry\ImplicitSurfaceSet3.cpp">
      <Filter>源文件</Filter>
    </ClCompile>
    <ClCompile Include="Engine\Geometry\SurfaceToImplicit2.cpp">
      <Filter>源文件</Filter>
    </ClCompile>
    <ClCompile Include="Engine\Geometry\SurfaceToImplicit3.cpp">
      <Filter>源文件</Filter>
    </ClCompile>
    <ClCompile Include="Engine\Simulation\Animation.cpp">
      <Filter>源文件</Filter>
    </ClCompile>
    <ClCompile Include="Engine\Simulation\Timer.cpp">
      <Filter>源文件</Filter>
    </ClCompile>
    <ClCompile Include="Engine\Simulation\PhysicsAnimation.cpp">
      <Filter>源文件</Filter>
    </ClCompile>
    <ClCompile Include="Engine\Math\ConstantScalarField2.cpp">
      <Filter>源文件</Filter>
    </ClCompile>
    <ClCompile Include="Engine\Math\ConstantScalarField3.cpp">
      <Filter>源文件</Filter>
    </ClCompile>
    <ClCompile Include="Engine\Math\ConstantVectorField2.cpp">
      <Filter>源文件</Filter>
    </ClCompile>
    <ClCompile Include="Engine\Math\ConstantVectorField3.cpp">
      <Filter>源文件</Filter>
    </ClCompile>
    <ClCompile Include="Engine\Simulation\PointNeighborSearcher2.cpp">
      <Filter>源文件</Filter>
    </ClCompile>
    <ClCompile Include="Engine\Simulation\PointNeighborSearcher3.cpp">
      <Filter>源文件</Filter>
    </ClCompile>
    <ClCompile Include="Engine\Simulation\PointHashGridSearcher2.cpp">
      <Filter>源文件</Filter>
    </ClCompile>
    <ClCompile Include="Engine\Simulation\PointHashGridSearcher3.cpp">
      <Filter>源文件</Filter>
    </ClCompile>
    <ClCompile Include="Engine\Simulation\ParticleSystemData2.cpp">
      <Filter>源文件</Filter>
    </ClCompile>
    <ClCompile Include="Engine\Simulation\ParticleSystemData3.cpp">
      <Filter>源文件</Filter>
    </ClCompile>
    <ClCompile Include="Engine\Simulation\PointParallelHashGridSearcher2.cpp">
      <Filter>源文件</Filter>
    </ClCompile>
    <ClCompile Include="Engine\Simulation\PointParallelHashGridSearcher3.cpp">
      <Filter>源文件</Filter>
    </ClCompile>
    <ClCompile Include="Engine\Simulation\Collider2.cpp">
      <Filter>源文件</Filter>
    </ClCompile>
    <ClCompile Include="Engine\Simulation\Collider3.cpp">
      <Filter>源文件</Filter>
    </ClCompile>
    <ClCompile Include="Engine\Simulation\ColliderSet2.cpp">
      <Filter>源文件</Filter>
    </ClCompile>
    <ClCompile Include="Engine\Simulation\ColliderSet3.cpp">
      <Filter>源文件</Filter>
    </ClCompile>
    <ClCompile Include="Engine\Simulation\RigidBodyCollider2.cpp">
      <Filter>源文件</Filter>
    </ClCompile>
    <ClCompile Include="Engine\Simulation\RigidBodyCollider3.cpp">
      <Filter>源文件</Filter>
    </ClCompile>
    <ClCompile Include="Engine\Simulation\ParticleEmitter2.cpp">
      <Filter>源文件</Filter>
    </ClCompile>
    <ClCompile Include="Engine\Simulation\ParticleEmitter3.cpp">
      <Filter>源文件</Filter>
    </ClCompile>
    <ClCompile Include="Engine\Simulation\ParticleEmitterSet2.cpp">
      <Filter>源文件</Filter>
    </ClCompile>
    <ClCompile Include="Engine\Simulation\ParticleEmitterSet3.cpp">
      <Filter>源文件</Filter>
    </ClCompile>
    <ClCompile Include="Engine\Simulation\PointGenerator2.cpp">
      <Filter>源文件</Filter>
    </ClCompile>
    <ClCompile Include="Engine\Simulation\PointGenerator3.cpp">
      <Filter>源文件</Filter>
    </ClCompile>
    <ClCompile Include="Engine\Simulation\BccLatticePointGenerator.cpp">
      <Filter>源文件</Filter>
    </ClCompile>
    <ClCompile Include="Engine\Simulation\FccLatticePointGenerator.cpp">
      <Filter>源文件</Filter>
    </ClCompile>
    <ClCompile Include="Engine\Simulation\GridPointGenerator2.cpp">
      <Filter>源文件</Filter>
    </ClCompile>
    <ClCompile Include="Engine\Simulation\GridPointGenerator3.cpp">
      <Filter>源文件</Filter>
    </ClCompile>
    <ClCompile Include="Engine\Simulation\TrianglePointGenerator.cpp">
      <Filter>源文件</Filter>
    </ClCompile>
    <ClCompile Include="Engine\Simulation\PointParticleEmitter2.cpp">
      <Filter>源文件</Filter>
    </ClCompile>
    <ClCompile Include="Engine\Simulation\PointParticleEmitter3.cpp">
      <Filter>源文件</Filter>
    </ClCompile>
    <ClCompile Include="Engine\Simulation\VolumeParticleEmitter2.cpp">
      <Filter>源文件</Filter>
    </ClCompile>
    <ClCompile Include="Engine\Simulation\VolumeParticleEmitter3.cpp">
      <Filter>源文件</Filter>
    </ClCompile>
    <ClCompile Include="Engine\Simulation\ParticleSystemSolver2.cpp">
      <Filter>源文件</Filter>
    </ClCompile>
    <ClCompile Include="Engine\Simulation\ParticleSystemSolver3.cpp">
      <Filter>源文件</Filter>
    </ClCompile>
    <ClCompile Include="Engine\Simulation\SphSystemData3.cpp">
      <Filter>源文件</Filter>
    </ClCompile>
    <ClCompile Include="Engine\Simulation\SphSystemData2.cpp">
      <Filter>源文件</Filter>
    </ClCompile>
    <ClCompile Include="Engine\Simulation\SphSolver2.cpp">
      <Filter>源文件</Filter>
    </ClCompile>
    <ClCompile Include="Engine\Simulation\SphSolver3.cpp">
      <Filter>源文件</Filter>
    </ClCompile>
    <ClCompile Include="Engine\Geometry\Cylinder3.cpp">
      <Filter>源文件</Filter>
    </ClCompile>
    <ClCompile Include="Engine\Simulation\PciSphSolver2.cpp">
      <Filter>源文件</Filter>
    </ClCompile>
    <ClCompile Include="Engine\Simulation\PciSphSolver3.cpp">
      <Filter>源文件</Filter>
    </ClCompile>
    <ClCompile Include="Engine\Geometry\Grid2.cpp">
      <Filter>源文件</Filter>
    </ClCompile>
    <ClCompile Include="Engine\Geometry\Grid3.cpp">
      <Filter>源文件</Filter>
    </ClCompile>
    <ClCompile Include="Engine\Geometry\ScalarGrid2.cpp">
      <Filter>源文件</Filter>
    </ClCompile>
    <ClCompile Include="Engine\Geometry\ScalarGrid3.cpp">
      <Filter>源文件</Filter>
    </ClCompile>
    <ClCompile Include="Engine\Utils\FdmUtils.cpp">
      <Filter>源文件</Filter>
    </ClCompile>
    <ClCompile Include="Engine\Geometry\VectorGrid2.cpp">
      <Filter>源文件</Filter>
    </ClCompile>
    <ClCompile Include="Engine\Geometry\VectorGrid3.cpp">
      <Filter>源文件</Filter>
    </ClCompile>
    <ClCompile Include="Engine\Geometry\CellCenteredScalarGrid3.cpp">
      <Filter>源文件</Filter>
    </ClCompile>
    <ClCompile Include="Engine\Geometry\CellCenteredScalarGrid2.cpp">
      <Filter>源文件</Filter>
    </ClCompile>
    <ClCompile Include="Engine\Geometry\VertexCenteredScalarGrid3.cpp">
      <Filter>源文件</Filter>
    </ClCompile>
    <ClCompile Include="Engine\Geometry\VertexCenteredScalarGrid2.cpp">
      <Filter>源文件</Filter>
    </ClCompile>
    <ClCompile Include="Engine\Geometry\CollocatedVectorGrid3.cpp">
      <Filter>源文件</Filter>
    </ClCompile>
    <ClCompile Include="Engine\Geometry\CollocatedVectorGrid2.cpp">
      <Filter>源文件</Filter>
    </ClCompile>
    <ClCompile Include="Engine\Geometry\PointsToImplicit2.cpp">
      <Filter>源文件</Filter>
    </ClCompile>
    <ClCompile Include="Engine\Geometry\PointsToImplicit3.cpp">
      <Filter>源文件</Filter>
    </ClCompile>
    <ClCompile Include="Engine\Geometry\SphPointsToImplicit2.cpp">
      <Filter>源文件</Filter>
    </ClCompile>
    <ClCompile Include="Engine\Geometry\SphPointsToImplicit3.cpp">
      <Filter>源文件</Filter>
    </ClCompile>
    <ClCompile Include="Engine\Geometry\SphericalPointsToImplicit2.cpp">
      <Filter>源文件</Filter>
    </ClCompile>
    <ClCompile Include="Engine\Geometry\SphericalPointsToImplicit3.cpp">
      <Filter>源文件</Filter>
    </ClCompile>
    <ClCompile Include="Engine\Geometry\ZhuBridsonPointsToImplicit2.cpp">
      <Filter>源文件</Filter>
    </ClCompile>
    <ClCompile Include="Engine\Geometry\ZhuBridsonPointsToImplicit3.cpp">
      <Filter>源文件</Filter>
    </ClCompile>
    <ClCompile Include="Engine\Geometry\AnisotropicPointsToImplicit2.cpp">
      <Filter>源文件</Filter>
    </ClCompile>
    <ClCompile Include="Engine\Geometry\AnisotropicPointsToImplicit3.cpp">
      <Filter>源文件</Filter>
    </ClCompile>
    <ClCompile Include="Engine\Geometry\MarchingCubes.cpp">
      <Filter>源文件</Filter>
    </ClCompile>
    <ClCompile Include="Engine\Geometry\CellCenteredVectorGrid2.cpp">
      <Filter>源文件</Filter>
    </ClCompile>
    <ClCompile Include="Engine\Geometry\CellCenteredVectorGrid3.cpp">
      <Filter>源文件</Filter>
    </ClCompile>
    <ClCompile Include="Engine\Geometry\VertexCenteredVectorGrid2.cpp">
      <Filter>源文件</Filter>
    </ClCompile>
    <ClCompile Include="Engine\Geometry\VertexCenteredVectorGrid3.cpp">
      <Filter>源文件</Filter>
    </ClCompile>
    <ClCompile Include="Engine\Geometry\FaceCenteredGrid2.cpp">
      <Filter>源文件</Filter>
    </ClCompile>
    <ClCompile Include="Engine\Geometry\FaceCenteredGrid3.cpp">
      <Filter>源文件</Filter>
    </ClCompile>
    <ClCompile Include="Engine\Simulation\GridSystemData2.cpp">
      <Filter>源文件</Filter>
    </ClCompile>
    <ClCompile Include="Engine\Simulation\GridSystemData3.cpp">
      <Filter>源文件</Filter>
    </ClCompile>
    <ClCompile Include="Engine\Simulation\AdvectionSolver2.cpp">
      <Filter>源文件</Filter>
    </ClCompile>
    <ClCompile Include="Engine\Simulation\AdvectionSolver3.cpp">
      <Filter>源文件</Filter>
    </ClCompile>
    <ClCompile Include="Engine\Simulation\SemiLagrangian2.cpp">
      <Filter>源文件</Filter>
    </ClCompile>
    <ClCompile Include="Engine\Simulation\SemiLagrangian3.cpp">
      <Filter>源文件</Filter>
    </ClCompile>
    <ClCompile Include="Engine\Simulation\CubicSemiLagrangian2.cpp">
      <Filter>源文件</Filter>
    </ClCompile>
    <ClCompile Include="Engine\Simulation\CubicSemiLagrangian3.cpp">
      <Filter>源文件</Filter>
    </ClCompile>
    <ClCompile Include="Engine\Simulation\GridBoundaryConditionSolver2.cpp">
      <Filter>源文件</Filter>
    </ClCompile>
    <ClCompile Include="Engine\Simulation\GridBoundaryConditionSolver3.cpp">
      <Filter>源文件</Filter>
    </ClCompile>
    <ClCompile Include="Engine\Math\CustomScalarField2.cpp">
      <Filter>源文件</Filter>
    </ClCompile>
    <ClCompile Include="Engine\Math\CustomScalarField3.cpp">
      <Filter>源文件</Filter>
    </ClCompile>
    <ClCompile Include="Engine\Math\CustomVectorField2.cpp">
      <Filter>源文件</Filter>
    </ClCompile>
    <ClCompile Include="Engine\Math\CustomVectorField3.cpp">
      <Filter>源文件</Filter>
    </ClCompile>
    <ClCompile Include="Engine\Geometry\CustomImplicitSurface2.cpp">
      <Filter>源文件</Filter>
    </ClCompile>
    <ClCompile Include="Engine\Geometry\CustomImplicitSurface3.cpp">
      <Filter>源文件</Filter>
    </ClCompile>
    <ClCompile Include="Engine\Simulation\GridFractionalBoundaryConditionSolver2.cpp">
      <Filter>源文件</Filter>
    </ClCompile>
    <ClCompile Include="Engine\Simulation\GridFractionalBoundaryConditionSolver3.cpp">
      <Filter>源文件</Filter>
    </ClCompile>
    <ClCompile Include="Engine\Simulation\GridBlockedBoundaryConditionSolver3.cpp">
      <Filter>源文件</Filter>
    </ClCompile>
    <ClCompile Include="Engine\Simulation\GridBlockedBoundaryConditionSolver2.cpp">
      <Filter>源文件</Filter>
    </ClCompile>
    <ClCompile Include="Engine\Simulation\GridEmitter2.cpp">
      <Filter>源文件</Filter>
    </ClCompile>
    <ClCompile Include="Engine\Simulation\GridEmitter3.cpp">
      <Filter>源文件</Filter>
    </ClCompile>
    <ClCompile Include="Engine\Simulation\GridEmitterSet2.cpp">
      <Filter>源文件</Filter>
    </ClCompile>
    <ClCompile Include="Engine\Simulation\GridEmitterSet3.cpp">
      <Filter>源文件</Filter>
    </ClCompile>
    <ClCompile Include="Engine\Simulation\VolumeGridEmitter2.cpp">
      <Filter>源文件</Filter>
    </ClCompile>
    <ClCompile Include="Engine\Simulation\VolumeGridEmitter3.cpp">
      <Filter>源文件</Filter>
    </ClCompile>
    <ClCompile Include="Engine\Geometry\ImplicitTriangleMesh3.cpp">
      <Filter>源文件</Filter>
    </ClCompile>
    <ClCompile Include="Engine\Geometry\TriangleMeshToSdf.cpp">
      <Filter>源文件</Filter>
    </ClCompile>
    <ClCompile Include="Engine\Simulation\GridDiffusionSolver2.cpp">
      <Filter>源文件</Filter>
    </ClCompile>
    <ClCompile Include="Engine\Simulation\GridDiffusionSolver3.cpp">
      <Filter>源文件</Filter>
    </ClCompile>
    <ClCompile Include="Engine\Simulation\GridForwardEulerDiffusionSolver2.cpp">
      <Filter>源文件</Filter>
    </ClCompile>
    <ClCompile Include="Engine\Simulation\GridForwardEulerDiffusionSolver3.cpp">
      <Filter>源文件</Filter>
    </ClCompile>
    <ClCompile Include="Engine\Math\FdmLinearSystem2.cpp">
      <Filter>源文件</Filter>
    </ClCompile>
    <ClCompile Include="Engine\Math\FdmLinearSystem3.cpp">
      <Filter>源文件</Filter>
    </ClCompile>
    <ClCompile Include="Engine\Math\FdmJacobiSolver2.cpp">
      <Filter>源文件</Filter>
    </ClCompile>
    <ClCompile Include="Engine\Math\FdmJacobiSolver3.cpp">
      <Filter>源文件</Filter>
    </ClCompile>
    <ClCompile Include="Engine\Math\FdmGaussSeidelSolver2.cpp">
      <Filter>源文件</Filter>
    </ClCompile>
    <ClCompile Include="Engine\Math\FdmGaussSeidelSolver3.cpp">
      <Filter>源文件</Filter>
    </ClCompile>
    <ClCompile Include="Engine\Math\FdmCgSolver2.cpp">
      <Filter>源文件</Filter>
    </ClCompile>
    <ClCompile Include="Engine\Math\FdmCgSolver3.cpp">
      <Filter>源文件</Filter>
    </ClCompile>
    <ClCompile Include="Engine\Math\FdmIccgSolver2.cpp">
      <Filter>源文件</Filter>
    </ClCompile>
    <ClCompile Include="Engine\Math\FdmIccgSolver3.cpp">
      <Filter>源文件</Filter>
    </ClCompile>
    <ClCompile Include="Engine\Math\FdmMgLinearSystem2.cpp">
      <Filter>源文件</Filter>
    </ClCompile>
    <ClCompile Include="Engine\Math\FdmMgLinearSystem3.cpp">
      <Filter>源文件</Filter>
    </ClCompile>
    <ClCompile Include="Engine\Math\FdmMgSolver2.cpp">
      <Filter>源文件</Filter>
    </ClCompile>
    <ClCompile Include="Engine\Math\FdmMgSolver3.cpp">
      <Filter>源文件</Filter>
    </ClCompile>
    <ClCompile Include="Engine\Math\FdmMgpcgSolver2.cpp">
      <Filter>源文件</Filter>
    </ClCompile>
    <ClCompile Include="Engine\Math\FdmMgpcgSolver3.cpp">
      <Filter>源文件</Filter>
    </ClCompile>
    <ClCompile Include="Engine\Simulation\GridBackwardEulerDiffusionSolver2.cpp">
      <Filter>源文件</Filter>
    </ClCompile>
    <ClCompile Include="Engine\Simulation\GridBackwardEulerDiffusionSolver3.cpp">
      <Filter>源文件</Filter>
    </ClCompile>
    <ClCompile Include="Engine\Simulation\GridPressureSolver2.cpp">
      <Filter>源文件</Filter>
    </ClCompile>
    <ClCompile Include="Engine\Simulation\GridPressureSolver3.cpp">
      <Filter>源文件</Filter>
    </ClCompile>
    <ClCompile Include="Engine\Simulation\GridSinglePhasePressureSolver2.cpp">
      <Filter>源文件</Filter>
    </ClCompile>
    <ClCompile Include="Engine\Simulation\GridSinglePhasePressureSolver3.cpp">
      <Filter>源文件</Filter>
    </ClCompile>
    <ClCompile Include="Engine\Simulation\GridFractionalSinglePhasePressureSolver2.cpp">
      <Filter>源文件</Filter>
    </ClCompile>
    <ClCompile Include="Engine\Simulation\GridFractionalSinglePhasePressureSolver3.cpp">
      <Filter>源文件</Filter>
    </ClCompile>
    <ClCompile Include="Engine\Simulation\GridFluidSolver2.cpp">
      <Filter>源文件</Filter>
    </ClCompile>
    <ClCompile Include="Engine\Simulation\GridFluidSolver3.cpp">
      <Filter>源文件</Filter>
    </ClCompile>
    <ClCompile Include="Engine\Simulation\GridSmokeSolver2.cpp">
      <Filter>源文件</Filter>
    </ClCompile>
    <ClCompile Include="Engine\Simulation\GridSmokeSolver3.cpp">
      <Filter>源文件</Filter>
    </ClCompile>
  </ItemGroup>
  <ItemGroup>
    <ClInclude Include="Engine\Utils\Constants.h">
      <Filter>头文件</Filter>
    </ClInclude>
    <ClInclude Include="Engine\Utils\Logging.h">
      <Filter>头文件</Filter>
    </ClInclude>
    <ClInclude Include="Engine\Utils\Macros.h">
      <Filter>头文件</Filter>
    </ClInclude>
    <ClInclude Include="Engine\Utils\MathUtils.h">
      <Filter>头文件</Filter>
    </ClInclude>
    <ClInclude Include="Engine\Utils\Parallel.h">
      <Filter>头文件</Filter>
    </ClInclude>
    <ClInclude Include="Engine\Math\Array.h">
      <Filter>头文件</Filter>
    </ClInclude>
    <ClInclude Include="Engine\Math\Array1.h">
      <Filter>头文件</Filter>
    </ClInclude>
    <ClInclude Include="Engine\Math\Array2.h">
      <Filter>头文件</Filter>
    </ClInclude>
    <ClInclude Include="Engine\Math\Array3.h">
      <Filter>头文件</Filter>
    </ClInclude>
    <ClInclude Include="Engine\Math\ArrayAccessor.h">
      <Filter>头文件</Filter>
    </ClInclude>
    <ClInclude Include="Engine\Math\ArrayAccessor1.h">
      <Filter>头文件</Filter>
    </ClInclude>
    <ClInclude Include="Engine\Math\ArrayAccessor2.h">
      <Filter>头文件</Filter>
    </ClInclude>
    <ClInclude Include="Engine\Math\ArrayAccessor3.h">
      <Filter>头文件</Filter>
    </ClInclude>
    <ClInclude Include="Engine\Math\Blas.h">
      <Filter>头文件</Filter>
    </ClInclude>
    <ClInclude Include="Engine\Math\Field2.h">
      <Filter>头文件</Filter>
    </ClInclude>
    <ClInclude Include="Engine\Math\Field3.h">
      <Filter>头文件</Filter>
    </ClInclude>
    <ClInclude Include="Engine\Math\Functors.h">
      <Filter>头文件</Filter>
    </ClInclude>
    <ClInclude Include="Engine\Math\Matrix.h">
      <Filter>头文件</Filter>
    </ClInclude>
    <ClInclude Include="Engine\Math\Matrix2x2.h">
      <Filter>头文件</Filter>
    </ClInclude>
    <ClInclude Include="Engine\Math\Matrix3x3.h">
      <Filter>头文件</Filter>
    </ClInclude>
    <ClInclude Include="Engine\Math\Matrix4x4.h">
      <Filter>头文件</Filter>
    </ClInclude>
    <ClInclude Include="Engine\Math\MatrixCsr.h">
      <Filter>头文件</Filter>
    </ClInclude>
    <ClInclude Include="Engine\Math\MatrixExpression.h">
      <Filter>头文件</Filter>
    </ClInclude>
    <ClInclude Include="Engine\Math\MatrixMxN.h">
      <Filter>头文件</Filter>
    </ClInclude>
    <ClInclude Include="Engine\Math\Point.h">
      <Filter>头文件</Filter>
    </ClInclude>
    <ClInclude Include="Engine\Math\Point2.h">
      <Filter>头文件</Filter>
    </ClInclude>
    <ClInclude Include="Engine\Math\Point3.h">
      <Filter>头文件</Filter>
    </ClInclude>
    <ClInclude Include="Engine\Math\ScalarField2.h">
      <Filter>头文件</Filter>
    </ClInclude>
    <ClInclude Include="Engine\Math\ScalarField3.h">
      <Filter>头文件</Filter>
    </ClInclude>
    <ClInclude Include="Engine\Math\Size.h">
      <Filter>头文件</Filter>
    </ClInclude>
    <ClInclude Include="Engine\Math\Size2.h">
      <Filter>头文件</Filter>
    </ClInclude>
    <ClInclude Include="Engine\Math\Size3.h">
      <Filter>头文件</Filter>
    </ClInclude>
    <ClInclude Include="Engine\Math\Vector.h">
      <Filter>头文件</Filter>
    </ClInclude>
    <ClInclude Include="Engine\Math\Vector2.h">
      <Filter>头文件</Filter>
    </ClInclude>
    <ClInclude Include="Engine\Math\Vector3.h">
      <Filter>头文件</Filter>
    </ClInclude>
    <ClInclude Include="Engine\Math\Vector4.h">
      <Filter>头文件</Filter>
    </ClInclude>
    <ClInclude Include="Engine\Math\VectorExpression.h">
      <Filter>头文件</Filter>
    </ClInclude>
    <ClInclude Include="Engine\Math\VectorField2.h">
      <Filter>头文件</Filter>
    </ClInclude>
    <ClInclude Include="Engine\Math\VectorField3.h">
      <Filter>头文件</Filter>
    </ClInclude>
    <ClInclude Include="Engine\Math\VectorN.h">
      <Filter>头文件</Filter>
    </ClInclude>
    <ClInclude Include="Engine\Geometry\BoundingBox.h">
      <Filter>头文件</Filter>
    </ClInclude>
    <ClInclude Include="Engine\Geometry\BoundingBox2.h">
      <Filter>头文件</Filter>
    </ClInclude>
    <ClInclude Include="Engine\Geometry\Ray.h">
      <Filter>头文件</Filter>
    </ClInclude>
    <ClInclude Include="Engine\Geometry\Ray2.h">
      <Filter>头文件</Filter>
    </ClInclude>
    <ClInclude Include="Engine\Geometry\Ray3.h">
      <Filter>头文件</Filter>
    </ClInclude>
    <ClInclude Include="Engine\Geometry\BoundingBox3.h">
      <Filter>头文件</Filter>
    </ClInclude>
    <ClInclude Include="Engine\Math\Quaternion.h">
      <Filter>头文件</Filter>
    </ClInclude>
    <ClInclude Include="Engine\Geometry\Transform2.h">
      <Filter>头文件</Filter>
    </ClInclude>
    <ClInclude Include="Engine\Geometry\Transform3.h">
      <Filter>头文件</Filter>
    </ClInclude>
    <ClInclude Include="Engine\Geometry\Surface2.h">
      <Filter>头文件</Filter>
    </ClInclude>
    <ClInclude Include="Engine\Geometry\Surface3.h">
      <Filter>头文件</Filter>
    </ClInclude>
    <ClInclude Include="Engine\Geometry\Sphere2.h">
      <Filter>头文件</Filter>
    </ClInclude>
    <ClInclude Include="Engine\Geometry\Sphere3.h">
      <Filter>头文件</Filter>
    </ClInclude>
    <ClInclude Include="Engine\Geometry\Triangle3.h">
      <Filter>头文件</Filter>
    </ClInclude>
    <ClInclude Include="Engine\Geometry\IntersectionQueryEngine2.h">
      <Filter>头文件</Filter>
    </ClInclude>
    <ClInclude Include="Engine\Geometry\IntersectionQueryEngine3.h">
      <Filter>头文件</Filter>
    </ClInclude>
    <ClInclude Include="Engine\Geometry\NearestNeighborQueryEngine2.h">
      <Filter>头文件</Filter>
    </ClInclude>
    <ClInclude Include="Engine\Geometry\NearestNeighborQueryEngine3.h">
      <Filter>头文件</Filter>
    </ClInclude>
    <ClInclude Include="Engine\Geometry\Bvh2.h">
      <Filter>头文件</Filter>
    </ClInclude>
    <ClInclude Include="Engine\Geometry\Bvh3.h">
      <Filter>头文件</Filter>
    </ClInclude>
    <ClInclude Include="Engine\Geometry\TriangleMesh3.h">
      <Filter>头文件</Filter>
    </ClInclude>
    <ClInclude Include="Engine\Geometry\Box2.h">
      <Filter>头文件</Filter>
    </ClInclude>
    <ClInclude Include="Engine\Geometry\Box3.h">
      <Filter>头文件</Filter>
    </ClInclude>
    <ClInclude Include="Engine\Geometry\Plane2.h">
      <Filter>头文件</Filter>
    </ClInclude>
    <ClInclude Include="Engine\Geometry\Plane3.h">
      <Filter>头文件</Filter>
    </ClInclude>
    <ClInclude Include="Engine\Geometry\ImplicitSurface2.h">
      <Filter>头文件</Filter>
    </ClInclude>
    <ClInclude Include="Engine\Geometry\ImplicitSurface3.h">
      <Filter>头文件</Filter>
    </ClInclude>
    <ClInclude Include="Engine\Utils\LevelSetUtils.h">
      <Filter>头文件</Filter>
    </ClInclude>
    <ClInclude Include="Engine\Geometry\SurfaceSet2.h">
      <Filter>头文件</Filter>
    </ClInclude>
    <ClInclude Include="Engine\Geometry\SurfaceSet3.h">
      <Filter>头文件</Filter>
    </ClInclude>
    <ClInclude Include="Engine\Geometry\ImplicitSurfaceSet2.h">
      <Filter>头文件</Filter>
    </ClInclude>
    <ClInclude Include="Engine\Geometry\ImplicitSurfaceSet3.h">
      <Filter>头文件</Filter>
    </ClInclude>
    <ClInclude Include="Engine\Geometry\SurfaceToImplicit2.h">
      <Filter>头文件</Filter>
    </ClInclude>
    <ClInclude Include="Engine\Geometry\SurfaceToImplicit3.h">
      <Filter>头文件</Filter>
    </ClInclude>
    <ClInclude Include="Engine\Simulation\Animation.h">
      <Filter>头文件</Filter>
    </ClInclude>
    <ClInclude Include="Engine\Simulation\Timer.h">
      <Filter>头文件</Filter>
    </ClInclude>
    <ClInclude Include="Engine\Simulation\PhysicsAnimation.h">
      <Filter>头文件</Filter>
    </ClInclude>
    <ClInclude Include="ManualTest\ManualTest.h">
      <Filter>头文件</Filter>
    </ClInclude>
    <ClInclude Include="Engine\Math\ConstantVectorField3.h">
      <Filter>头文件</Filter>
    </ClInclude>
    <ClInclude Include="Engine\Math\ConstantVectorField2.h">
      <Filter>头文件</Filter>
    </ClInclude>
    <ClInclude Include="Engine\Math\ConstantScalarField2.h">
      <Filter>头文件</Filter>
    </ClInclude>
    <ClInclude Include="Engine\Math\ConstantScalarField3.h">
      <Filter>头文件</Filter>
    </ClInclude>
    <ClInclude Include="Engine\Simulation\Serialization.h">
      <Filter>头文件</Filter>
    </ClInclude>
    <ClInclude Include="Engine\Simulation\PointNeighborSearcher2.h">
      <Filter>头文件</Filter>
    </ClInclude>
    <ClInclude Include="Engine\Simulation\PointNeighborSearcher3.h">
      <Filter>头文件</Filter>
    </ClInclude>
    <ClInclude Include="Engine\Simulation\PointHashGridSearcher2.h">
      <Filter>头文件</Filter>
    </ClInclude>
    <ClInclude Include="Engine\Simulation\PointHashGridSearcher3.h">
      <Filter>头文件</Filter>
    </ClInclude>
    <ClInclude Include="Engine\Simulation\ParticleSystemData3.h">
      <Filter>头文件</Filter>
    </ClInclude>
    <ClInclude Include="Engine\Simulation\ParticleSystemData2.h">
      <Filter>头文件</Filter>
    </ClInclude>
    <ClInclude Include="Engine\Simulation\PointParallelHashGridSearcher2.h">
      <Filter>头文件</Filter>
    </ClInclude>
    <ClInclude Include="Engine\Simulation\PointParallelHashGridSearcher3.h">
      <Filter>头文件</Filter>
    </ClInclude>
    <ClInclude Include="Engine\Simulation\ParticleSystemSolver2.h">
      <Filter>头文件</Filter>
    </ClInclude>
    <ClInclude Include="Engine\Simulation\ParticleSystemSolver3.h">
      <Filter>头文件</Filter>
    </ClInclude>
    <ClInclude Include="Engine\Simulation\Collider2.h">
      <Filter>头文件</Filter>
    </ClInclude>
    <ClInclude Include="Engine\Simulation\Collider3.h">
      <Filter>头文件</Filter>
    </ClInclude>
    <ClInclude Include="Engine\Simulation\ColliderSet2.h">
      <Filter>头文件</Filter>
    </ClInclude>
    <ClInclude Include="Engine\Simulation\ColliderSet3.h">
      <Filter>头文件</Filter>
    </ClInclude>
    <ClInclude Include="Engine\Simulation\RigidBodyCollider2.h">
      <Filter>头文件</Filter>
    </ClInclude>
    <ClInclude Include="Engine\Simulation\RigidBodyCollider3.h">
      <Filter>头文件</Filter>
    </ClInclude>
    <ClInclude Include="Engine\Simulation\ParticleEmitter2.h">
      <Filter>头文件</Filter>
    </ClInclude>
    <ClInclude Include="Engine\Simulation\ParticleEmitter3.h">
      <Filter>头文件</Filter>
    </ClInclude>
    <ClInclude Include="Engine\Simulation\ParticleEmitterSet2.h">
      <Filter>头文件</Filter>
    </ClInclude>
    <ClInclude Include="Engine\Simulation\ParticleEmitterSet3.h">
      <Filter>头文件</Filter>
    </ClInclude>
    <ClInclude Include="Engine\Simulation\PointGenerator2.h">
      <Filter>头文件</Filter>
    </ClInclude>
    <ClInclude Include="Engine\Simulation\PointGenerator3.h">
      <Filter>头文件</Filter>
    </ClInclude>
    <ClInclude Include="Engine\Simulation\TrianglePointGenerator.h">
      <Filter>头文件</Filter>
    </ClInclude>
    <ClInclude Include="Engine\Simulation\GridPointGenerator2.h">
      <Filter>头文件</Filter>
    </ClInclude>
    <ClInclude Include="Engine\Simulation\GridPointGenerator3.h">
      <Filter>头文件</Filter>
    </ClInclude>
    <ClInclude Include="Engine\Simulation\BccLatticePointGenerator.h">
      <Filter>头文件</Filter>
    </ClInclude>
    <ClInclude Include="Engine\Simulation\FccLatticePointGenerator.h">
      <Filter>头文件</Filter>
    </ClInclude>
    <ClInclude Include="Engine\Simulation\PointParticleEmitter2.h">
      <Filter>头文件</Filter>
    </ClInclude>
    <ClInclude Include="Engine\Simulation\PointParticleEmitter3.h">
      <Filter>头文件</Filter>
    </ClInclude>
    <ClInclude Include="Engine\Math\Samplers.h">
      <Filter>头文件</Filter>
    </ClInclude>
    <ClInclude Include="Engine\Simulation\VolumeParticleEmitter2.h">
      <Filter>头文件</Filter>
    </ClInclude>
    <ClInclude Include="Engine\Simulation\VolumeParticleEmitter3.h">
      <Filter>头文件</Filter>
    </ClInclude>
    <ClInclude Include="Engine\Utils\ArrayUtils.h">
      <Filter>头文件</Filter>
    </ClInclude>
    <ClInclude Include="Engine\Simulation\SphKernels2.h">
      <Filter>头文件</Filter>
    </ClInclude>
    <ClInclude Include="Engine\Simulation\SphKernels3.h">
      <Filter>头文件</Filter>
    </ClInclude>
    <ClInclude Include="Engine\Simulation\SphSystemData2.h">
      <Filter>头文件</Filter>
    </ClInclude>
    <ClInclude Include="Engine\Simulation\SphSystemData3.h">
      <Filter>头文件</Filter>
    </ClInclude>
    <ClInclude Include="Engine\Simulation\SphSolver2.h">
      <Filter>头文件</Filter>
    </ClInclude>
    <ClInclude Include="Engine\Simulation\SphSolver3.h">
      <Filter>头文件</Filter>
    </ClInclude>
    <ClInclude Include="Engine\Geometry\Cylinder3.h">
      <Filter>头文件</Filter>
    </ClInclude>
    <ClInclude Include="Engine\Simulation\PciSphSolver2.h">
      <Filter>头文件</Filter>
    </ClInclude>
    <ClInclude Include="Engine\Simulation\PciSphSolver3.h">
      <Filter>头文件</Filter>
    </ClInclude>
    <ClInclude Include="Engine\Geometry\PointsToImplicit2.h">
      <Filter>头文件</Filter>
    </ClInclude>
    <ClInclude Include="Engine\Geometry\PointsToImplicit3.h">
      <Filter>头文件</Filter>
    </ClInclude>
    <ClInclude Include="Engine\Geometry\Grid2.h">
      <Filter>头文件</Filter>
    </ClInclude>
    <ClInclude Include="Engine\Geometry\Grid3.h">
      <Filter>头文件</Filter>
    </ClInclude>
    <ClInclude Include="Engine\Utils\Serial.h">
      <Filter>头文件</Filter>
    </ClInclude>
    <ClInclude Include="Engine\Geometry\ScalarGrid2.h">
      <Filter>头文件</Filter>
    </ClInclude>
    <ClInclude Include="Engine\Geometry\ScalarGrid3.h">
      <Filter>头文件</Filter>
    </ClInclude>
    <ClInclude Include="Engine\Math\ArraySamplers.h">
      <Filter>头文件</Filter>
    </ClInclude>
    <ClInclude Include="Engine\Math\ArraySamplers1.h">
      <Filter>头文件</Filter>
    </ClInclude>
    <ClInclude Include="Engine\Math\ArraySamplers2.h">
      <Filter>头文件</Filter>
    </ClInclude>
    <ClInclude Include="Engine\Math\ArraySamplers3.h">
      <Filter>头文件</Filter>
    </ClInclude>
    <ClInclude Include="Engine\Utils\FdmUtils.h">
      <Filter>头文件</Filter>
    </ClInclude>
    <ClInclude Include="Engine\Geometry\VectorGrid2.h">
      <Filter>头文件</Filter>
    </ClInclude>
    <ClInclude Include="Engine\Geometry\VectorGrid3.h">
      <Filter>头文件</Filter>
    </ClInclude>
    <ClInclude Include="Engine\Geometry\CellCenteredScalarGrid2.h">
      <Filter>头文件</Filter>
    </ClInclude>
    <ClInclude Include="Engine\Geometry\CellCenteredScalarGrid3.h">
      <Filter>头文件</Filter>
    </ClInclude>
    <ClInclude Include="Engine\Geometry\VertexCenteredScalarGrid2.h">
      <Filter>头文件</Filter>
    </ClInclude>
    <ClInclude Include="Engine\Geometry\VertexCenteredScalarGrid3.h">
      <Filter>头文件</Filter>
    </ClInclude>
    <ClInclude Include="Engine\Geometry\CollocatedVectorGrid2.h">
      <Filter>头文件</Filter>
    </ClInclude>
    <ClInclude Include="Engine\Geometry\CollocatedVectorGrid3.h">
      <Filter>头文件</Filter>
    </ClInclude>
    <ClInclude Include="Engine\Geometry\SphPointsToImplicit2.h">
      <Filter>头文件</Filter>
    </ClInclude>
    <ClInclude Include="Engine\Geometry\SphericalPointsToImplicit2.h">
      <Filter>头文件</Filter>
    </ClInclude>
    <ClInclude Include="Engine\Geometry\SphPointsToImplicit3.h">
      <Filter>头文件</Filter>
    </ClInclude>
    <ClInclude Include="Engine\Geometry\SphericalPointsToImplicit3.h">
      <Filter>头文件</Filter>
    </ClInclude>
    <ClInclude Include="Engine\Geometry\ZhuBridsonPointsToImplicit2.h">
      <Filter>头文件</Filter>
    </ClInclude>
    <ClInclude Include="Engine\Geometry\ZhuBridsonPointsToImplicit3.h">
      <Filter>头文件</Filter>
    </ClInclude>
    <ClInclude Include="Engine\Geometry\AnisotropicPointsToImplicit2.h">
      <Filter>头文件</Filter>
    </ClInclude>
    <ClInclude Include="Engine\Geometry\AnisotropicPointsToImplicit3.h">
      <Filter>头文件</Filter>
    </ClInclude>
    <ClInclude Include="Engine\Geometry\MarchingCubes.h">
      <Filter>头文件</Filter>
    </ClInclude>
    <ClInclude Include="Engine\Geometry\MarchingCubesTable.h">
      <Filter>头文件</Filter>
    </ClInclude>
    <ClInclude Include="Engine\Geometry\MarchingSquaresTable.h">
      <Filter>头文件</Filter>
    </ClInclude>
    <ClInclude Include="Engine\Geometry\CellCenteredVectorGrid2.h">
      <Filter>头文件</Filter>
    </ClInclude>
    <ClInclude Include="Engine\Geometry\CellCenteredVectorGrid3.h">
      <Filter>头文件</Filter>
    </ClInclude>
    <ClInclude Include="Engine\Geometry\VertexCenteredVectorGrid2.h">
      <Filter>头文件</Filter>
    </ClInclude>
    <ClInclude Include="Engine\Geometry\VertexCenteredVectorGrid3.h">
      <Filter>头文件</Filter>
    </ClInclude>
    <ClInclude Include="Engine\Geometry\FaceCenteredGrid2.h">
      <Filter>头文件</Filter>
    </ClInclude>
    <ClInclude Include="Engine\Geometry\FaceCenteredGrid3.h">
      <Filter>头文件</Filter>
    </ClInclude>
    <ClInclude Include="Engine\Simulation\GridSystemData2.h">
      <Filter>头文件</Filter>
    </ClInclude>
    <ClInclude Include="Engine\Simulation\GridSystemData3.h">
      <Filter>头文件</Filter>
    </ClInclude>
    <ClInclude Include="Engine\Simulation\AdvectionSolver2.h">
      <Filter>头文件</Filter>
    </ClInclude>
    <ClInclude Include="Engine\Simulation\AdvectionSolver3.h">
      <Filter>头文件</Filter>
    </ClInclude>
    <ClInclude Include="Engine\Simulation\SemiLagrangian2.h">
      <Filter>头文件</Filter>
    </ClInclude>
    <ClInclude Include="Engine\Simulation\SemiLagrangian3.h">
      <Filter>头文件</Filter>
    </ClInclude>
    <ClInclude Include="Engine\Simulation\CubicSemiLagrangian2.h">
      <Filter>头文件</Filter>
    </ClInclude>
    <ClInclude Include="Engine\Simulation\CubicSemiLagrangian3.h">
      <Filter>头文件</Filter>
    </ClInclude>
    <ClInclude Include="Engine\Simulation\GridBoundaryConditionSolver2.h">
      <Filter>头文件</Filter>
    </ClInclude>
    <ClInclude Include="Engine\Simulation\GridBoundaryConditionSolver3.h">
      <Filter>头文件</Filter>
    </ClInclude>
    <ClInclude Include="Engine\Math\CustomScalarField2.h">
      <Filter>头文件</Filter>
    </ClInclude>
    <ClInclude Include="Engine\Math\CustomScalarField3.h">
      <Filter>头文件</Filter>
    </ClInclude>
    <ClInclude Include="Engine\Math\CustomVectorField2.h">
      <Filter>头文件</Filter>
    </ClInclude>
    <ClInclude Include="Engine\Math\CustomVectorField3.h">
      <Filter>头文件</Filter>
    </ClInclude>
    <ClInclude Include="Engine\Geometry\CustomImplicitSurface2.h">
      <Filter>头文件</Filter>
    </ClInclude>
    <ClInclude Include="Engine\Geometry\CustomImplicitSurface3.h">
      <Filter>头文件</Filter>
    </ClInclude>
    <ClInclude Include="Engine\Simulation\GridFractionalBoundaryConditionSolver2.h">
      <Filter>头文件</Filter>
    </ClInclude>
    <ClInclude Include="Engine\Simulation\GridFractionalBoundaryConditionSolver3.h">
      <Filter>头文件</Filter>
    </ClInclude>
    <ClInclude Include="Engine\Simulation\GridBlockedBoundaryConditionSolver2.h">
      <Filter>头文件</Filter>
    </ClInclude>
    <ClInclude Include="Engine\Simulation\GridBlockedBoundaryConditionSolver3.h">
      <Filter>头文件</Filter>
    </ClInclude>
    <ClInclude Include="Engine\Utils\PhysicsHelper.h">
      <Filter>头文件</Filter>
    </ClInclude>
    <ClInclude Include="Engine\Simulation\GridEmitter2.h">
      <Filter>头文件</Filter>
    </ClInclude>
    <ClInclude Include="Engine\Simulation\GridEmitter3.h">
      <Filter>头文件</Filter>
    </ClInclude>
    <ClInclude Include="Engine\Simulation\GridEmitterSet2.h">
      <Filter>头文件</Filter>
    </ClInclude>
    <ClInclude Include="Engine\Simulation\GridEmitterSet3.h">
      <Filter>头文件</Filter>
    </ClInclude>
    <ClInclude Include="Engine\Simulation\VolumeGridEmitter2.h">
      <Filter>头文件</Filter>
    </ClInclude>
    <ClInclude Include="Engine\Simulation\VolumeGridEmitter3.h">
      <Filter>头文件</Filter>
    </ClInclude>
    <ClInclude Include="Engine\Geometry\ImplicitTriangleMesh3.h">
      <Filter>头文件</Filter>
    </ClInclude>
    <ClInclude Include="Engine\Geometry\TriangleMeshToSdf.h">
      <Filter>头文件</Filter>
    </ClInclude>
    <ClInclude Include="Engine\Simulation\GridFluidSolver2.h">
      <Filter>头文件</Filter>
    </ClInclude>
    <ClInclude Include="Engine\Simulation\GridFluidSolver3.h">
      <Filter>头文件</Filter>
    </ClInclude>
    <ClInclude Include="Engine\Simulation\GridDiffusionSolver2.h">
      <Filter>头文件</Filter>
    </ClInclude>
    <ClInclude Include="Engine\Simulation\GridDiffusionSolver3.h">
      <Filter>头文件</Filter>
    </ClInclude>
    <ClInclude Include="Engine\Simulation\GridForwardEulerDiffusionSolver2.h">
      <Filter>头文件</Filter>
    </ClInclude>
    <ClInclude Include="Engine\Simulation\GridForwardEulerDiffusionSolver3.h">
      <Filter>头文件</Filter>
    </ClInclude>
    <ClInclude Include="Engine\Math\FdmLinearSystem2.h">
      <Filter>头文件</Filter>
    </ClInclude>
    <ClInclude Include="Engine\Math\FdmLinearSystem3.h">
      <Filter>头文件</Filter>
    </ClInclude>
    <ClInclude Include="Engine\Math\FdmLinearSystemSolver2.h">
      <Filter>头文件</Filter>
    </ClInclude>
    <ClInclude Include="Engine\Math\FdmLinearSystemSolver3.h">
      <Filter>头文件</Filter>
    </ClInclude>
    <ClInclude Include="Engine\Math\FdmJacobiSolver2.h">
      <Filter>头文件</Filter>
    </ClInclude>
    <ClInclude Include="Engine\Math\FdmJacobiSolver3.h">
      <Filter>头文件</Filter>
    </ClInclude>
    <ClInclude Include="Engine\Math\FdmGaussSeidelSolver2.h">
      <Filter>头文件</Filter>
    </ClInclude>
    <ClInclude Include="Engine\Math\FdmGaussSeidelSolver3.h">
      <Filter>头文件</Filter>
    </ClInclude>
    <ClInclude Include="Engine\Math\FdmCgSolver2.h">
      <Filter>头文件</Filter>
    </ClInclude>
    <ClInclude Include="Engine\Math\FdmCgSolver3.h">
      <Filter>头文件</Filter>
    </ClInclude>
    <ClInclude Include="Engine\Math\FdmIccgSolver2.h">
      <Filter>头文件</Filter>
    </ClInclude>
    <ClInclude Include="Engine\Math\FdmIccgSolver3.h">
      <Filter>头文件</Filter>
    </ClInclude>
    <ClInclude Include="Engine\Math\FdmMgLinearSystem2.h">
      <Filter>头文件</Filter>
    </ClInclude>
    <ClInclude Include="Engine\Math\FdmMgLinearSystem3.h">
      <Filter>头文件</Filter>
    </ClInclude>
    <ClInclude Include="Engine\Math\Cg.h">
      <Filter>头文件</Filter>
    </ClInclude>
    <ClInclude Include="Engine\Math\Mg.h">
      <Filter>头文件</Filter>
    </ClInclude>
    <ClInclude Include="Engine\Math\FdmMgSolver2.h">
      <Filter>头文件</Filter>
    </ClInclude>
    <ClInclude Include="Engine\Math\FdmMgSolver3.h">
      <Filter>头文件</Filter>
    </ClInclude>
    <ClInclude Include="Engine\Math\FdmMgpcgSolver2.h">
      <Filter>头文件</Filter>
    </ClInclude>
    <ClInclude Include="Engine\Math\FdmMgpcgSolver3.h">
      <Filter>头文件</Filter>
    </ClInclude>
    <ClInclude Include="Engine\Simulation\GridBackwardEulerDiffusionSolver2.h">
      <Filter>头文件</Filter>
    </ClInclude>
    <ClInclude Include="Engine\Simulation\GridBackwardEulerDiffusionSolver3.h">
      <Filter>头文件</Filter>
    </ClInclude>
    <ClInclude Include="Engine\Simulation\GridPressureSolver2.h">
      <Filter>头文件</Filter>
    </ClInclude>
    <ClInclude Include="Engine\Simulation\GridPressureSolver3.h">
      <Filter>头文件</Filter>
    </ClInclude>
    <ClInclude Include="Engine\Simulation\GridSinglePhasePressureSolver2.h">
      <Filter>头文件</Filter>
    </ClInclude>
    <ClInclude Include="Engine\Simulation\GridSinglePhasePressureSolver3.h">
      <Filter>头文件</Filter>
    </ClInclude>
    <ClInclude Include="Engine\Simulation\GridFractionalSinglePhasePressureSolver2.h">
      <Filter>头文件</Filter>
    </ClInclude>
    <ClInclude Include="Engine\Simulation\GridFractionalSinglePhasePressureSolver3.h">
      <Filter>头文件</Filter>
    </ClInclude>
    <ClInclude Include="Engine\Simulation\GridSmokeSolver2.h">
      <Filter>头文件</Filter>
    </ClInclude>
    <ClInclude Include="Engine\Simulation\GridSmokeSolver3.h">
      <Filter>头文件</Filter>
    </ClInclude>
  </ItemGroup>
</Project>