<?xml version="1.0" encoding="utf-8"?>
<Project ToolsVersion="4.0" xmlns="http://schemas.microsoft.com/developer/msbuild/2003">
  <ItemGroup>
    <Filter Include="源文件">
      <UniqueIdentifier>{4FC737F1-C7A5-4376-A066-2A32D752A2FF}</UniqueIdentifier>
      <Extensions>cpp;c;cc;cxx;def;odl;idl;hpj;bat;asm;asmx</Extensions>
    </Filter>
    <Filter Include="头文件">
      <UniqueIdentifier>{93995380-89BD-4b04-88EB-625FBE52EBFB}</UniqueIdentifier>
      <Extensions>h;hh;hpp;hxx;hm;inl;inc;ipp;xsd</Extensions>
    </Filter>
    <Filter Include="资源文件">
      <UniqueIdentifier>{67DA6AB6-F800-4c08-8B7A-83BB121AAD01}</UniqueIdentifier>
      <Extensions>rc;ico;cur;bmp;dlg;rc2;rct;bin;rgs;gif;jpg;jpeg;jpe;resx;tiff;tif;png;wav;mfcribbon-ms</Extensions>
    </Filter>
  </ItemGroup>
  <ItemGroup>
    <ClCompile Include="main.cpp">
      <Filter>源文件</Filter>
    </ClCompile>
    <ClCompile Include="Array1_test.cpp">
      <Filter>源文件</Filter>
    </ClCompile>
    <ClCompile Include="Array2_test.cpp">
      <Filter>源文件</Filter>
    </ClCompile>
    <ClCompile Include="Array3_test.cpp">
      <Filter>源文件</Filter>
    </ClCompile>
    <ClCompile Include="ArrayAccessor1_test.cpp">
      <Filter>源文件</Filter>
    </ClCompile>
    <ClCompile Include="ArrayAccessor2_test.cpp">
      <Filter>源文件</Filter>
    </ClCompile>
    <ClCompile Include="ArrayAccessor3_test.cpp">
      <Filter>源文件</Filter>
    </ClCompile>
    <ClCompile Include="Point_test.cpp">
      <Filter>源文件</Filter>
    </ClCompile>
    <ClCompile Include="Point2_test.cpp">
      <Filter>源文件</Filter>
    </ClCompile>
    <ClCompile Include="Point3_test.cpp">
      <Filter>源文件</Filter>
    </ClCompile>
    <ClCompile Include="Vector_test.cpp">
      <Filter>源文件</Filter>
    </ClCompile>
    <ClCompile Include="Vector2_test.cpp">
      <Filter>源文件</Filter>
    </ClCompile>
    <ClCompile Include="Vector3_test.cpp">
      <Filter>源文件</Filter>
    </ClCompile>
    <ClCompile Include="Vector4_test.cpp">
      <Filter>源文件</Filter>
    </ClCompile>
    <ClCompile Include="Matrix_test.cpp">
      <Filter>源文件</Filter>
    </ClCompile>
    <ClCompile Include="Matrix2x2_test.cpp">
      <Filter>源文件</Filter>
    </ClCompile>
    <ClCompile Include="VectorN_test.cpp">
      <Filter>源文件</Filter>
    </ClCompile>
    <ClCompile Include="MatrixCsr_test.cpp">
      <Filter>源文件</Filter>
    </ClCompile>
    <ClCompile Include="MatrixMxN_test.cpp">
      <Filter>源文件</Filter>
    </ClCompile>
    <ClCompile Include="PCGSolver_test.cpp">
      <Filter>源文件</Filter>
    </ClCompile>
    <ClCompile Include="Blas_test.cpp">
      <Filter>源文件</Filter>
    </ClCompile>
    <ClCompile Include="BoundingBox_test.cpp">
      <Filter>源文件</Filter>
    </ClCompile>
    <ClCompile Include="BoundingBox2_test.cpp">
      <Filter>源文件</Filter>
    </ClCompile>
    <ClCompile Include="BoundingBox3_test.cpp">
      <Filter>源文件</Filter>
    </ClCompile>
    <ClCompile Include="Quaternion_test.cpp">
      <Filter>头文件</Filter>
    </ClCompile>
    <ClCompile Include="Transform2_test.cpp">
      <Filter>源文件</Filter>
    </ClCompile>
    <ClCompile Include="Transform3_test.cpp">
      <Filter>源文件</Filter>
    </ClCompile>
    <ClCompile Include="Sphere2_test.cpp">
      <Filter>源文件</Filter>
    </ClCompile>
    <ClCompile Include="Sphere3_test.cpp">
      <Filter>源文件</Filter>
    </ClCompile>
    <ClCompile Include="bvh2_test.cpp">
      <Filter>源文件</Filter>
    </ClCompile>
    <ClCompile Include="Bvh3_test.cpp">
      <Filter>源文件</Filter>
    </ClCompile>
    <ClCompile Include="test_utils.cpp">
      <Filter>源文件</Filter>
    </ClCompile>
    <ClCompile Include="Triangle3_test.cpp">
      <Filter>源文件</Filter>
    </ClCompile>
    <ClCompile Include="TriangleMesh3_test.cpp">
      <Filter>源文件</Filter>
    </ClCompile>
    <ClCompile Include="Box2_test.cpp">
      <Filter>源文件</Filter>
    </ClCompile>
    <ClCompile Include="Box3_test.cpp">
      <Filter>源文件</Filter>
    </ClCompile>
    <ClCompile Include="Plane2_test.cpp">
      <Filter>源文件</Filter>
    </ClCompile>
    <ClCompile Include="Plane3_test.cpp">
      <Filter>源文件</Filter>
    </ClCompile>
    <ClCompile Include="SurfaceSet2_test.cpp">
      <Filter>源文件</Filter>
    </ClCompile>
    <ClCompile Include="SurfaceSet3_test.cpp">
      <Filter>源文件</Filter>
    </ClCompile>
    <ClCompile Include="ImplicitSurface2_test.cpp">
      <Filter>源文件</Filter>
    </ClCompile>
    <ClCompile Include="ImplicitSurface3_test.cpp">
      <Filter>源文件</Filter>
    </ClCompile>
    <ClCompile Include="SurfaceToImplicit3_test.cpp">
      <Filter>源文件</Filter>
    </ClCompile>
    <ClCompile Include="SurfaceToImplicit2_test.cpp">
      <Filter>源文件</Filter>
    </ClCompile>
    <ClCompile Include="PhysicsAnimation_ test.cpp">
      <Filter>源文件</Filter>
    </ClCompile>
    <ClCompile Include="PointHashGridSearcher2_test.cpp">
      <Filter>源文件</Filter>
    </ClCompile>
    <ClCompile Include="PointHashGridSearcher3_test.cpp">
      <Filter>源文件</Filter>
    </ClCompile>
    <ClCompile Include="PointParallelHashGridSearcher2_test.cpp">
      <Filter>源文件</Filter>
    </ClCompile>
    <ClCompile Include="PointParallelHashGridSearcher3_test.cpp">
      <Filter>源文件</Filter>
    </ClCompile>
    <ClCompile Include="ColliderSet2_test.cpp">
      <Filter>源文件</Filter>
    </ClCompile>
    <ClCompile Include="ColliderSet3_test.cpp">
      <Filter>源文件</Filter>
    </ClCompile>
    <ClCompile Include="PointParticleEmitter2_test.cpp">
      <Filter>源文件</Filter>
    </ClCompile>
    <ClCompile Include="PointParticleEmitter3_test.cpp">
      <Filter>源文件</Filter>
    </ClCompile>
    <ClCompile Include="VolumeParticleEmitter2_test.cpp">
      <Filter>源文件</Filter>
    </ClCompile>
    <ClCompile Include="VolumeParticleEmitter3_test.cpp">
      <Filter>源文件</Filter>
    </ClCompile>
    <ClCompile Include="ArrayUtils_test.cpp">
      <Filter>源文件</Filter>
    </ClCompile>
    <ClCompile Include="ParticleSystemSolvers_test.cpp">
      <Filter>源文件</Filter>
    </ClCompile>
    <ClCompile Include="Matrix3x3_test.cpp">
      <Filter>源文件</Filter>
    </ClCompile>
    <ClCompile Include="Matrix4x4_test.cpp">
      <Filter>源文件</Filter>
    </ClCompile>
    <ClCompile Include="SphKernels3_test.cpp">
      <Filter>源文件</Filter>
    </ClCompile>
    <ClCompile Include="SphKernels2_test.cpp">
      <Filter>源文件</Filter>
    </ClCompile>
    <ClCompile Include="SphSolver2_test.cpp">
      <Filter>源文件</Filter>
    </ClCompile>
    <ClCompile Include="SphSolver3_test.cpp">
      <Filter>源文件</Filter>
    </ClCompile>
    <ClCompile Include="Cylinder3_test.cpp">
      <Filter>源文件</Filter>
    </ClCompile>
    <ClCompile Include="MarchingCubes_test.cpp">
      <Filter>源文件</Filter>
    </ClCompile>
    <ClCompile Include="CellCenterScalarGrid2_test.cpp">
      <Filter>源文件</Filter>
    </ClCompile>
    <ClCompile Include="CellCenteredScalarGrid3_test.cpp">
      <Filter>源文件</Filter>
    </ClCompile>
    <ClCompile Include="CellCenteredVectorGrid2_test.cpp">
      <Filter>源文件</Filter>
    </ClCompile>
    <ClCompile Include="CellCenteredVectorGrid3_test.cpp">
      <Filter>源文件</Filter>
    </ClCompile>
    <ClCompile Include="VertexCenteredScalarGrid2_test.cpp">
      <Filter>源文件</Filter>
    </ClCompile>
    <ClCompile Include="VertexCenteredScalarGrid3_test.cpp">
      <Filter>源文件</Filter>
    </ClCompile>
    <ClCompile Include="VertexCenteredVectorGrid2_test.cpp">
      <Filter>源文件</Filter>
    </ClCompile>
    <ClCompile Include="VertexCenteredVectorGrid3_test.cpp">
      <Filter>源文件</Filter>
    </ClCompile>
    <ClCompile Include="FaceCenteredGrid2_test.cpp">
      <Filter>源文件</Filter>
    </ClCompile>
    <ClCompile Include="FaceCenteredGrid3_test.cpp">
      <Filter>源文件</Filter>
    </ClCompile>
    <ClCompile Include="CustomImplicitSurface2_test.cpp">
      <Filter>源文件</Filter>
    </ClCompile>
    <ClCompile Include="CustomImplicitSurface3_test.cpp">
      <Filter>源文件</Filter>
    </ClCompile>
    <ClCompile Include="GridFractionalBoundaryConditionSolver2_test.cpp">
      <Filter>源文件</Filter>
    </ClCompile>
    <ClCompile Include="GridFractionalBoundaryConditionSolver3_test.cpp">
      <Filter>源文件</Filter>
    </ClCompile>
    <ClCompile Include="GridBlockedBoundaryConditionSolver2_test.cpp">
      <Filter>源文件</Filter>
    </ClCompile>
    <ClCompile Include="GridBlockedBoundaryConditionSolver3_test.cpp">
      <Filter>源文件</Filter>
    </ClCompile>
    <ClCompile Include="TriangleMeshToSdf_test.cpp">
      <Filter>源文件</Filter>
    </ClCompile>
    <ClCompile Include="ImplicitTriangleMesh3_test.cpp">
      <Filter>源文件</Filter>
    </ClCompile>
    <ClCompile Include="GridForwardDiffusionSolver2_test.cpp">
      <Filter>源文件</Filter>
    </ClCompile>
    <ClCompile Include="GridForwardDiffusionSolver3.cpp">
      <Filter>源文件</Filter>
    </ClCompile>
    <ClCompile Include="FdmJocabiSolver2_test.cpp">
      <Filter>源文件</Filter>
    </ClCompile>
    <ClCompile Include="FdmJocabiSolver3_test.cpp">
      <Filter>源文件</Filter>
    </ClCompile>
    <ClCompile Include="FdmGaussSeidelSolver2_test.cpp">
      <Filter>源文件</Filter>
    </ClCompile>
    <ClCompile Include="FdmGaussSeidelSolver3_test.cpp">
      <Filter>源文件</Filter>
    </ClCompile>
    <ClCompile Include="FdmCgSolver2_test.cpp">
      <Filter>源文件</Filter>
    </ClCompile>
    <ClCompile Include="FdmCgSolver3_test.cpp">
      <Filter>源文件</Filter>
    </ClCompile>
    <ClCompile Include="FdmIccgSolver2_test.cpp">
      <Filter>源文件</Filter>
    </ClCompile>
    <ClCompile Include="FdmIccgSolver3_test.cpp">
      <Filter>源文件</Filter>
    </ClCompile>
    <ClCompile Include="Mg_test.cpp">
      <Filter>源文件</Filter>
    </ClCompile>
    <ClCompile Include="FdmMgSolver2_test.cpp">
      <Filter>源文件</Filter>
    </ClCompile>
    <ClCompile Include="FdmMgSolver3_test.cpp">
      <Filter>源文件</Filter>
    </ClCompile>
    <ClCompile Include="FdmMgpcgSolver2_test.cpp">
      <Filter>源文件</Filter>
    </ClCompile>
    <ClCompile Include="FdmMgpcgSolver3_test.cpp">
      <Filter>源文件</Filter>
    </ClCompile>
    <ClCompile Include="FdmUtils_test.cpp">
      <Filter>源文件</Filter>
    </ClCompile>
    <ClCompile Include="GridBackwardEulerDiffusionSolver2_test.cpp">
      <Filter>源文件</Filter>
    </ClCompile>
    <ClCompile Include="GridBackwardEulerDiffusionSolver3_test.cpp">
      <Filter>源文件</Filter>
    </ClCompile>
    <ClCompile Include="GridSinglePhasePressureSolver2_test.cpp">
      <Filter>源文件</Filter>
    </ClCompile>
    <ClCompile Include="GridSinglePhasePressureSolver3_test.cpp">
      <Filter>源文件</Filter>
    </ClCompile>
    <ClCompile Include="GridFractionalSinglePhasePressureSolver2_test.cpp">
      <Filter>源文件</Filter>
    </ClCompile>
    <ClCompile Include="GridFractionalSinglePhasePressureSolver3_test.cpp">
      <Filter>源文件</Filter>
    </ClCompile>
    <ClCompile Include="GridFluidSolver2_test.cpp">
      <Filter>源文件</Filter>
    </ClCompile>
    <ClCompile Include="GridFluidSolver3_test.cpp">
      <Filter>源文件</Filter>
    </ClCompile>
    <ClCompile Include="LevelSetSolvers_test.cpp">
      <Filter>源文件</Filter>
    </ClCompile>
    <ClCompile Include="LevelSetLiquidSolver_test.cpp">
      <Filter>源文件</Filter>
    </ClCompile>
  </ItemGroup>
  <ItemGroup>
    <ClInclude Include="test_utils.h">
      <Filter>头文件</Filter>
    </ClInclude>
    <ClInclude Include="FdmLinearSystemSolver3_test_helper.h">
      <Filter>头文件</Filter>
    </ClInclude>
    <ClInclude Include="FdmLinearSystemSolver2_test_helper.h">
      <Filter>头文件</Filter>
    </ClInclude>
  </ItemGroup>
</Project>